
Microsoft Visual Studio Solution File, Format Version 12.00
# Visual Studio Version 17
VisualStudioVersion = 17.14.36930.0 d17.14
MinimumVisualStudioVersion = 10.0.40219.1
Project("{FAE04EC0-301F-11D3-BF4B-00C04F79EFBC}") = "TextEditor", "TextEditor\TextEditor.csproj", "{801AFFB0-D8DC-4110-810D-00FB2454B177}"
EndProject
Global
	GlobalSection(SolutionConfigurationPlatforms) = preSolution
		Debug|Any CPU = Debug|Any CPU
		Release|Any CPU = Release|Any CPU
	EndGlobalSection
	GlobalSection(ProjectConfigurationPlatforms) = postSolution
		{801AFFB0-D8DC-4110-810D-00FB2454B177}.Debug|Any CPU.ActiveCfg = Debug|Any CPU
		{801AFFB0-D8DC-4110-810D-00FB2454B177}.Debug|Any CPU.Build.0 = Debug|Any CPU
		{801AFFB0-D8DC-4110-810D-00FB2454B177}.Release|Any CPU.ActiveCfg = Release|Any CPU
		{801AFFB0-D8DC-4110-810D-00FB2454B177}.Release|Any CPU.Build.0 = Release|Any CPU
	EndGlobalSection
	GlobalSection(SolutionProperties) = preSolution
		HideSolutionNode = FALSE
	EndGlobalSection
	GlobalSection(ExtensibilityGlobals) = postSolution
		SolutionGuid = {602A095F-D192-4AE4-8282-B2DEC4AA76DB}
	EndGlobalSection
EndGlobal
